
Microsoft Visual Studio Solution File, Format Version 12.00
# Visual Studio Version 17
VisualStudioVersion = 17.8.34322.80
MinimumVisualStudioVersion = 10.0.40219.1
Project("{9A19103F-16F7-4668-BE54-9A1E7A4F7556}") = "ShipbuApi", "ShibuApi\ShipbuApi.csproj", "{72E47D84-BC81-4F15-B225-C1C08C2874D0}"
EndProject
Project("{2150E333-8FDC-42A3-9474-1A3956D46DE8}") = "Migrations", "Migrations", "{ED551D19-4B2F-4A88-A2EF-D0364677534F}"
EndProject
Project("{9A19103F-16F7-4668-BE54-9A1E7A4F7556}") = "MigrationsMySQL", "MigrationsMySQL\MigrationsMySQL.csproj", "{59B3D69C-5187-465A-AAE8-9C9B5EF3F016}"
EndProject
Project("{9A19103F-16F7-4668-BE54-9A1E7A4F7556}") = "MigrationsSqlServer", "MigrationsSqlServer\MigrationsSqlServer.csproj", "{CEC16B1F-CBA3-4B91-96D8-04061AE6B3C8}"
EndProject
Project("{FAE04EC0-301F-11D3-BF4B-00C04F79EFBC}") = "ShipbuData", "ShipbuData\ShipbuData.csproj", "{E163E991-C106-4C8B-89B7-F6548C91F4CB}"
EndProject
Global
	GlobalSection(SolutionConfigurationPlatforms) = preSolution
		Debug|Any CPU = Debug|Any CPU
		Release|Any CPU = Release|Any CPU
	EndGlobalSection
	GlobalSection(ProjectConfigurationPlatforms) = postSolution
		{72E47D84-BC81-4F15-B225-C1C08C2874D0}.Debug|Any CPU.ActiveCfg = Debug|Any CPU
		{72E47D84-BC81-4F15-B225-C1C08C2874D0}.Debug|Any CPU.Build.0 = Debug|Any CPU
		{72E47D84-BC81-4F15-B225-C1C08C2874D0}.Release|Any CPU.ActiveCfg = Release|Any CPU
		{72E47D84-BC81-4F15-B225-C1C08C2874D0}.Release|Any CPU.Build.0 = Release|Any CPU
		{59B3D69C-5187-465A-AAE8-9C9B5EF3F016}.Debug|Any CPU.ActiveCfg = Debug|Any CPU
		{59B3D69C-5187-465A-AAE8-9C9B5EF3F016}.Debug|Any CPU.Build.0 = Debug|Any CPU
		{59B3D69C-5187-465A-AAE8-9C9B5EF3F016}.Release|Any CPU.ActiveCfg = Release|Any CPU
		{59B3D69C-5187-465A-AAE8-9C9B5EF3F016}.Release|Any CPU.Build.0 = Release|Any CPU
		{CEC16B1F-CBA3-4B91-96D8-04061AE6B3C8}.Debug|Any CPU.ActiveCfg = Debug|Any CPU
		{CEC16B1F-CBA3-4B91-96D8-04061AE6B3C8}.Debug|Any CPU.Build.0 = Debug|Any CPU
		{CEC16B1F-CBA3-4B91-96D8-04061AE6B3C8}.Release|Any CPU.ActiveCfg = Release|Any CPU
		{CEC16B1F-CBA3-4B91-96D8-04061AE6B3C8}.Release|Any CPU.Build.0 = Release|Any CPU
		{E163E991-C106-4C8B-89B7-F6548C91F4CB}.Debug|Any CPU.ActiveCfg = Debug|Any CPU
		{E163E991-C106-4C8B-89B7-F6548C91F4CB}.Debug|Any CPU.Build.0 = Debug|Any CPU
		{E163E991-C106-4C8B-89B7-F6548C91F4CB}.Release|Any CPU.ActiveCfg = Release|Any CPU
		{E163E991-C106-4C8B-89B7-F6548C91F4CB}.Release|Any CPU.Build.0 = Release|Any CPU
	EndGlobalSection
	GlobalSection(SolutionProperties) = preSolution
		HideSolutionNode = FALSE
	EndGlobalSection
	GlobalSection(NestedProjects) = preSolution
		{59B3D69C-5187-465A-AAE8-9C9B5EF3F016} = {ED551D19-4B2F-4A88-A2EF-D0364677534F}
		{CEC16B1F-CBA3-4B91-96D8-04061AE6B3C8} = {ED551D19-4B2F-4A88-A2EF-D0364677534F}
	EndGlobalSection
	GlobalSection(ExtensibilityGlobals) = postSolution
		SolutionGuid = {5ED6E0CD-4FDC-48D5-8730-DABAC9C97BFA}
	EndGlobalSection
EndGlobal
